
Microsoft Visual Studio Solution File, Format Version 12.00
# Visual Studio Version 16
VisualStudioVersion = 16.0.29123.88
MinimumVisualStudioVersion = 10.0.40219.1
Project("{FAE04EC0-301F-11D3-BF4B-00C04F79EFBC}") = "WpfApp13", "WpfApp13\WpfApp13.csproj", "{A60B1CCE-A471-4CBB-8EBE-9C591C93CE07}"
EndProject
Global
	GlobalSection(SolutionConfigurationPlatforms) = preSolution
		Debug|Any CPU = Debug|Any CPU
		Release|Any CPU = Release|Any CPU
	EndGlobalSection
	GlobalSection(ProjectConfigurationPlatforms) = postSolution
		{A60B1CCE-A471-4CBB-8EBE-9C591C93CE07}.Debug|Any CPU.ActiveCfg = Debug|Any CPU
		{A60B1CCE-A471-4CBB-8EBE-9C591C93CE07}.Debug|Any CPU.Build.0 = Debug|Any CPU
		{A60B1CCE-A471-4CBB-8EBE-9C591C93CE07}.Release|Any CPU.ActiveCfg = Release|Any CPU
		{A60B1CCE-A471-4CBB-8EBE-9C591C93CE07}.Release|Any CPU.Build.0 = Release|Any CPU
	EndGlobalSection
	GlobalSection(SolutionProperties) = preSolution
		HideSolutionNode = FALSE
	EndGlobalSection
	GlobalSection(ExtensibilityGlobals) = postSolution
		SolutionGuid = {2AA063FA-A47D-46FC-AB04-5CE139C17362}
	EndGlobalSection
EndGlobal
